{
  "name": "epc-static",
  "version": "1.0.0",
  "lockfileVersion": 3,
  "requires": true,
  "packages": {
    "": {
      "name": "epc-static",
      "version": "1.0.0",
      "license": "ISC",
      "dependencies": {
        "react-square-web-payments-sdk": "^3.3.0"
      },
      "devDependencies": {}
    },
    "node_modules/@square/web-payments-sdk-types": {
      "version": "1.82.4",
      "resolved": "https://registry.npmjs.org/@square/web-payments-sdk-types/-/web-payments-sdk-types-1.82.4.tgz",
      "integrity": "sha512-A82HLR1VD76ktAR03AkIbCmBFpaUP4GwMR3C99cHZhxTAW1uOhtlsNW+WUEnaPn/vG6BQ+3898qAsm2xmd1F6A==",
      "license": "Apache-2.0",
      "dependencies": {
        "typescript": "5.0.4"
      }
    },
    "node_modules/@square/web-sdk": {
      "version": "2.1.0",
      "resolved": "https://registry.npmjs.org/@square/web-sdk/-/web-sdk-2.1.0.tgz",
      "integrity": "sha512-eeecdVyKAM01ak6zw2i1oKqOO1vMYqH/aH36XbXqleFeDImmfz9OnhrrIll8WuVN4YGSzWajUrqC8qtvQd878Q==",
      "license": "Apache-2.0",
      "dependencies": {
        "@square/web-payments-sdk-types": "^1.68.1"
      }
    },
    "node_modules/@stitches/react": {
      "version": "1.2.8",
      "resolved": "https://registry.npmjs.org/@stitches/react/-/react-1.2.8.tgz",
      "integrity": "sha512-9g9dWI4gsSVe8bNLlb+lMkBYsnIKCZTmvqvDG+Avnn69XfmHZKiaMrx7cgTaddq7aTPPmXiTsbFcUy0xgI4+wA==",
      "license": "MIT",
      "peerDependencies": {
        "react": ">= 16.3.0"
      }
    },
    "node_modules/react": {
      "version": "19.2.4",
      "resolved": "https://registry.npmjs.org/react/-/react-19.2.4.tgz",
      "integrity": "sha512-9nfp2hYpCwOjAN+8TZFGhtWEwgvWHXqESH8qT89AT/lWklpLON22Lc8pEtnpsZz7VmawabSU0gCjnj8aC0euHQ==",
      "license": "MIT",
      "peer": true,
      "engines": {
        "node": ">=0.10.0"
      }
    },
    "node_modules/react-square-web-payments-sdk": {
      "version": "3.3.0",
      "resolved": "https://registry.npmjs.org/react-square-web-payments-sdk/-/react-square-web-payments-sdk-3.3.0.tgz",
      "integrity": "sha512-VtYMXHTajt+XQYInBW2j4vSNNlrPUNnft395snH6LjEKCrxSvmXjvjJHN1I8PgIjUpQ/prlR5YyREIaoO5l2TQ==",
      "license": "MIT",
      "dependencies": {
        "@square/web-sdk": "^2.1.0",
        "@stitches/react": "^1.2.8"
      },
      "peerDependencies": {
        "react": "^16 || ^17 || ^18 || ^19"
      }
    },
    "node_modules/typescript": {
      "version": "5.0.4",
      "resolved": "https://registry.npmjs.org/typescript/-/typescript-5.0.4.tgz",
      "integrity": "sha512-cW9T5W9xY37cc+jfEnaUvX91foxtHkza3Nw3wkoF4sSlKn0MONdkdEndig/qPBWXNkmplh3NzayQzCiHM4/hqw==",
      "license": "Apache-2.0",
      "bin": {
        "tsc": "bin/tsc",
        "tsserver": "bin/tsserver"
      },
      "engines": {
        "node": ">=12.20"
      }
    }
  }
}
